
Microsoft Visual Studio Solution File, Format Version 12.00
# Visual Studio 15
VisualStudioVersion = 15.0.27703.2026
MinimumVisualStudioVersion = 10.0.40219.1
Project("{FAE04EC0-301F-11D3-BF4B-00C04F79EFBC}") = "SmitePicks", "SmitePicks\SmitePicks.csproj", "{30BB7092-90F3-4782-8E87-BA5930BF0123}"
EndProject
Project("{FAE04EC0-301F-11D3-BF4B-00C04F79EFBC}") = "SmitePicks.Tests", "SmitePicks.Tests\SmitePicks.Tests.csproj", "{052457EF-B7DA-490D-904F-47F4363A43CC}"
EndProject
Global
	GlobalSection(SolutionConfigurationPlatforms) = preSolution
		Debug|Any CPU = Debug|Any CPU
		Release|Any CPU = Release|Any CPU
	EndGlobalSection
	GlobalSection(ProjectConfigurationPlatforms) = postSolution
		{30BB7092-90F3-4782-8E87-BA5930BF0123}.Debug|Any CPU.ActiveCfg = Debug|Any CPU
		{30BB7092-90F3-4782-8E87-BA5930BF0123}.Debug|Any CPU.Build.0 = Debug|Any CPU
		{30BB7092-90F3-4782-8E87-BA5930BF0123}.Release|Any CPU.ActiveCfg = Release|Any CPU
		{30BB7092-90F3-4782-8E87-BA5930BF0123}.Release|Any CPU.Build.0 = Release|Any CPU
		{052457EF-B7DA-490D-904F-47F4363A43CC}.Debug|Any CPU.ActiveCfg = Debug|Any CPU
		{052457EF-B7DA-490D-904F-47F4363A43CC}.Debug|Any CPU.Build.0 = Debug|Any CPU
		{052457EF-B7DA-490D-904F-47F4363A43CC}.Release|Any CPU.ActiveCfg = Release|Any CPU
		{052457EF-B7DA-490D-904F-47F4363A43CC}.Release|Any CPU.Build.0 = Release|Any CPU
	EndGlobalSection
	GlobalSection(SolutionProperties) = preSolution
		HideSolutionNode = FALSE
	EndGlobalSection
	GlobalSection(ExtensibilityGlobals) = postSolution
		SolutionGuid = {41378A44-E33D-4800-B53A-139B173C070C}
	EndGlobalSection
EndGlobal
